
Microsoft Visual Studio Solution File, Format Version 12.00
# Visual Studio Version 16
VisualStudioVersion = 16.0.29411.138
MinimumVisualStudioVersion = 10.0.40219.1
Project("{2150E333-8FDC-42A3-9474-1A3956D46DE8}") = "Solution Items", "Solution Items", "{3E00CE94-E29B-4AA9-8FAE-A3F73403D4DE}"
	ProjectSection(SolutionItems) = preProject
		restaurant_data.csv = restaurant_data.csv
	EndProjectSection
EndProject
Project("{9A19103F-16F7-4668-BE54-9A1E7A4F7556}") = "Restaurant", "Restaurant\Restaurant.csproj", "{0CAC6376-3D67-4622-BBD2-CC673D9B13DB}"
EndProject
Project("{FAE04EC0-301F-11D3-BF4B-00C04F79EFBC}") = "Restaurant.Test", "Restaurant.Test\Restaurant.Test.csproj", "{07834242-0F23-4ECA-8F2D-85B37E366186}"
	ProjectSection(ProjectDependencies) = postProject
		{0CAC6376-3D67-4622-BBD2-CC673D9B13DB} = {0CAC6376-3D67-4622-BBD2-CC673D9B13DB}
	EndProjectSection
EndProject
Global
	GlobalSection(SolutionConfigurationPlatforms) = preSolution
		Debug|Any CPU = Debug|Any CPU
		Release|Any CPU = Release|Any CPU
	EndGlobalSection
	GlobalSection(ProjectConfigurationPlatforms) = postSolution
		{0CAC6376-3D67-4622-BBD2-CC673D9B13DB}.Debug|Any CPU.ActiveCfg = Debug|Any CPU
		{0CAC6376-3D67-4622-BBD2-CC673D9B13DB}.Debug|Any CPU.Build.0 = Debug|Any CPU
		{0CAC6376-3D67-4622-BBD2-CC673D9B13DB}.Release|Any CPU.ActiveCfg = Release|Any CPU
		{0CAC6376-3D67-4622-BBD2-CC673D9B13DB}.Release|Any CPU.Build.0 = Release|Any CPU
		{07834242-0F23-4ECA-8F2D-85B37E366186}.Debug|Any CPU.ActiveCfg = Debug|Any CPU
		{07834242-0F23-4ECA-8F2D-85B37E366186}.Debug|Any CPU.Build.0 = Debug|Any CPU
		{07834242-0F23-4ECA-8F2D-85B37E366186}.Release|Any CPU.ActiveCfg = Release|Any CPU
		{07834242-0F23-4ECA-8F2D-85B37E366186}.Release|Any CPU.Build.0 = Release|Any CPU
	EndGlobalSection
	GlobalSection(SolutionProperties) = preSolution
		HideSolutionNode = FALSE
	EndGlobalSection
	GlobalSection(ExtensibilityGlobals) = postSolution
		SolutionGuid = {A6EE7A32-5250-43B4-914E-63482632ECBF}
	EndGlobalSection
EndGlobal
